{
  "name": "scrawl",
  "lockfileVersion": 2,
  "requires": true,
  "packages": {
    "": {
      "dependencies": {
        "torfetch": "^0.1.1"
      }
    },
    "node_modules/torfetch": {
      "version": "0.1.1",
      "resolved": "https://registry.npmjs.org/torfetch/-/torfetch-0.1.1.tgz",
      "integrity": "sha1-GoKB0MSRl6EWKi6Q7q101DqKMJM=",
      "engines": [
        "node >=0.6.0"
      ]
    }
  },
  "dependencies": {
    "torfetch": {
      "version": "0.1.1",
      "resolved": "https://registry.npmjs.org/torfetch/-/torfetch-0.1.1.tgz",
      "integrity": "sha1-GoKB0MSRl6EWKi6Q7q101DqKMJM="
    }
  }
}
